
Microsoft Visual Studio Solution File, Format Version 12.00
# Visual Studio Version 16
VisualStudioVersion = 16.0.30523.141
MinimumVisualStudioVersion = 10.0.40219.1
Project("{9A19103F-16F7-4668-BE54-9A1E7A4F7556}") = "Derscanu_Smaranda_Lab2", "Derscanu_Smaranda_Lab2.csproj", "{11EF8F93-9212-45CC-A8B8-FD2E71BF01EF}"
EndProject
Project("{9A19103F-16F7-4668-BE54-9A1E7A4F7556}") = "LibraryModel", "LibraryModel\LibraryModel.csproj", "{6CEE5D6D-BC11-4D23-8365-1E52CB216B19}"
EndProject
Project("{9A19103F-16F7-4668-BE54-9A1E7A4F7556}") = "LibraryWebAPI", "LibraryWebAPI\LibraryWebAPI.csproj", "{D9A2F2CD-7972-46E6-A18D-E78829C4A531}"
EndProject
Project("{FAE04EC0-301F-11D3-BF4B-00C04F79EFBC}") = "GrpcCustomersService", "GrpcCustomersService\GrpcCustomersService.csproj", "{0926D688-FF52-4C20-93BE-D3BDD9B62375}"
EndProject
Global
	GlobalSection(SolutionConfigurationPlatforms) = preSolution
		Debug|Any CPU = Debug|Any CPU
		Release|Any CPU = Release|Any CPU
	EndGlobalSection
	GlobalSection(ProjectConfigurationPlatforms) = postSolution
		{11EF8F93-9212-45CC-A8B8-FD2E71BF01EF}.Debug|Any CPU.ActiveCfg = Debug|Any CPU
		{11EF8F93-9212-45CC-A8B8-FD2E71BF01EF}.Debug|Any CPU.Build.0 = Debug|Any CPU
		{11EF8F93-9212-45CC-A8B8-FD2E71BF01EF}.Release|Any CPU.ActiveCfg = Release|Any CPU
		{11EF8F93-9212-45CC-A8B8-FD2E71BF01EF}.Release|Any CPU.Build.0 = Release|Any CPU
		{6CEE5D6D-BC11-4D23-8365-1E52CB216B19}.Debug|Any CPU.ActiveCfg = Debug|Any CPU
		{6CEE5D6D-BC11-4D23-8365-1E52CB216B19}.Debug|Any CPU.Build.0 = Debug|Any CPU
		{6CEE5D6D-BC11-4D23-8365-1E52CB216B19}.Release|Any CPU.ActiveCfg = Release|Any CPU
		{6CEE5D6D-BC11-4D23-8365-1E52CB216B19}.Release|Any CPU.Build.0 = Release|Any CPU
		{D9A2F2CD-7972-46E6-A18D-E78829C4A531}.Debug|Any CPU.ActiveCfg = Debug|Any CPU
		{D9A2F2CD-7972-46E6-A18D-E78829C4A531}.Debug|Any CPU.Build.0 = Debug|Any CPU
		{D9A2F2CD-7972-46E6-A18D-E78829C4A531}.Release|Any CPU.ActiveCfg = Release|Any CPU
		{D9A2F2CD-7972-46E6-A18D-E78829C4A531}.Release|Any CPU.Build.0 = Release|Any CPU
		{0926D688-FF52-4C20-93BE-D3BDD9B62375}.Debug|Any CPU.ActiveCfg = Debug|Any CPU
		{0926D688-FF52-4C20-93BE-D3BDD9B62375}.Debug|Any CPU.Build.0 = Debug|Any CPU
		{0926D688-FF52-4C20-93BE-D3BDD9B62375}.Release|Any CPU.ActiveCfg = Release|Any CPU
		{0926D688-FF52-4C20-93BE-D3BDD9B62375}.Release|Any CPU.Build.0 = Release|Any CPU
	EndGlobalSection
	GlobalSection(SolutionProperties) = preSolution
		HideSolutionNode = FALSE
	EndGlobalSection
	GlobalSection(ExtensibilityGlobals) = postSolution
		SolutionGuid = {EE32B832-80B7-41F9-BBFE-256E11B549AB}
	EndGlobalSection
EndGlobal
